
Microsoft Visual Studio Solution File, Format Version 12.00
# Visual Studio Version 17
VisualStudioVersion = 17.10.35027.167
MinimumVisualStudioVersion = 10.0.40219.1
Project("{FAE04EC0-301F-11D3-BF4B-00C04F79EFBC}") = "competitionADO", "competitionADO\competitionADO.csproj", "{70F01F1D-7333-4CAB-B2CF-D8ED1D7E906B}"
EndProject
Global
	GlobalSection(SolutionConfigurationPlatforms) = preSolution
		Debug|Any CPU = Debug|Any CPU
		Release|Any CPU = Release|Any CPU
	EndGlobalSection
	GlobalSection(ProjectConfigurationPlatforms) = postSolution
		{70F01F1D-7333-4CAB-B2CF-D8ED1D7E906B}.Debug|Any CPU.ActiveCfg = Debug|Any CPU
		{70F01F1D-7333-4CAB-B2CF-D8ED1D7E906B}.Debug|Any CPU.Build.0 = Debug|Any CPU
		{70F01F1D-7333-4CAB-B2CF-D8ED1D7E906B}.Release|Any CPU.ActiveCfg = Release|Any CPU
		{70F01F1D-7333-4CAB-B2CF-D8ED1D7E906B}.Release|Any CPU.Build.0 = Release|Any CPU
	EndGlobalSection
	GlobalSection(SolutionProperties) = preSolution
		HideSolutionNode = FALSE
	EndGlobalSection
	GlobalSection(ExtensibilityGlobals) = postSolution
		SolutionGuid = {8D17CCF3-2D95-4B73-A4ED-3884A72905DA}
	EndGlobalSection
EndGlobal
